PODS:
  - Alamofire (3.2.0)
  - AlamofireImage (2.3.1):
    - Alamofire (~> 3.2)
  - SwiftyJSON (2.3.2)

DEPENDENCIES:
  - Alamofire
  - AlamofireImage
  - SwiftyJSON

SPEC CHECKSUMS:
  Alamofire: 4da478599fccddff361205c8929333d7fe18dceb
  AlamofireImage: e52336282757bbe1644f075d6cb85f19c891f939
  SwiftyJSON: 04ccea08915aa0109039157c7974cf0298da292a

COCOAPODS: 0.39.0
