// !$*UTF8*$!
{
	archiveVersion = 1;
	classes = {
	};
	objectVersion = 46;
	objects = {

/* Begin PBXBuildFile section */
		4C9856FF648E826778B6F1EA /* Pods.framework in Frameworks */ = {isa = PBXBuildFile; fileRef = FB87839500D98A47BCE7869F /* Pods.framework */; };
		F88D5F5D1C814CCB00140930 /* SBiPad.Storyboard in Resources */ = {isa = PBXBuildFile; fileRef = F88D5F5B1C814CCB00140930 /* SBiPad.Storyboard */; };
		F8D09C471C812FB20045981C /* AppDelegate.swift in Sources */ = {isa = PBXBuildFile; fileRef = F8D09C461C812FB20045981C /* AppDelegate.swift */; };
		F8D09C491C812FB20045981C /* ViewController.swift in Sources */ = {isa = PBXBuildFile; fileRef = F8D09C481C812FB20045981C /* ViewController.swift */; };
		F8D09C4C1C812FB20045981C /* Main.storyboard in Resources */ = {isa = PBXBuildFile; fileRef = F8D09C4A1C812FB20045981C /* Main.storyboard */; };
		F8D09C4E1C812FB20045981C /* Assets.xcassets in Resources */ = {isa = PBXBuildFile; fileRef = F8D09C4D1C812FB20045981C /* Assets.xcassets */; };
		F8D09C511C812FB20045981C /* LaunchScreen.storyboard in Resources */ = {isa = PBXBuildFile; fileRef = F8D09C4F1C812FB20045981C /* LaunchScreen.storyboard */; };
/* End PBXBuildFile section */

/* Begin PBXFileReference section */
		3D4D5553246D73357A2ECBA4 /* Pods.debug.xcconfig */ = {isa = PBXFileReference; includeInIndex = 1; lastKnownFileType = text.xcconfig; name = Pods.debug.xcconfig; path = "Pods/Target Support Files/Pods/Pods.debug.xcconfig"; sourceTree = "<group>"; };
		9E331992C8F461A507B69040 /* Pods.release.xcconfig */ = {isa = PBXFileReference; includeInIndex = 1; lastKnownFileType = text.xcconfig; name = Pods.release.xcconfig; path = "Pods/Target Support Files/Pods/Pods.release.xcconfig"; sourceTree = "<group>"; };
		F88D5F5C1C814CCB00140930 /* Base */ = {isa = PBXFileReference; lastKnownFileType = file.storyboard; name = Base; path = Base.lproj/SBiPad.Storyboard; sourceTree = "<group>"; };
		F8D09C431C812FB20045981C /* grabcatalog.app */ = {isa = PBXFileReference; explicitFileType = wrapper.application; includeInIndex = 0; path = grabcatalog.app; sourceTree = BUILT_PRODUCTS_DIR; };
		F8D09C461C812FB20045981C /* AppDelegate.swift */ = {isa = PBXFileReference; lastKnownFileType = sourcecode.swift; path = AppDelegate.swift; sourceTree = "<group>"; };
		F8D09C481C812FB20045981C /* ViewController.swift */ = {isa = PBXFileReference; lastKnownFileType = sourcecode.swift; path = ViewController.swift; sourceTree = "<group>"; };
		F8D09C4B1C812FB20045981C /* Base */ = {isa = PBXFileReference; lastKnownFileType = file.storyboard; name = Base; path = Base.lproj/Main.storyboard; sourceTree = "<group>"; };
		F8D09C4D1C812FB20045981C /* Assets.xcassets */ = {isa = PBXFileReference; lastKnownFileType = folder.assetcatalog; path = Assets.xcassets; sourceTree = "<group>"; };
		F8D09C501C812FB20045981C /* Base */ = {isa = PBXFileReference; lastKnownFileType = file.storyboard; name = Base; path = Base.lproj/LaunchScreen.storyboard; sourceTree = "<group>"; };
		F8D09C521C812FB20045981C /* Info.plist */ = {isa = PBXFileReference; lastKnownFileType = text.plist.xml; path = Info.plist; sourceTree = "<group>"; };
		FB87839500D98A47BCE7869F /* Pods.framework */ = {isa = PBXFileReference; explicitFileType = wrapper.framework; includeInIndex = 0; path = Pods.framework; sourceTree = BUILT_PRODUCTS_DIR; };
/* End PBXFileReference section */

/* Begin PBXFrameworksBuildPhase section */
		F8D09C401C812FB20045981C /* Frameworks */ = {
			isa = PBXFrameworksBuildPhase;
			buildActionMask = 2147483647;
			files = (
				4C9856FF648E826778B6F1EA /* Pods.framework in Frameworks */,
			);
			runOnlyForDeploymentPostprocessing = 0;
		};
/* End PBXFrameworksBuildPhase section */

/* Begin PBXGroup section */
		94213667E6F47AC3B692FB86 /* Pods */ = {
			isa = PBXGroup;
			children = (
				3D4D5553246D73357A2ECBA4 /* Pods.debug.xcconfig */,
				9E331992C8F461A507B69040 /* Pods.release.xcconfig */,
			);
			name = Pods;
			sourceTree = "<group>";
		};
		DDEF1FECCB412650B3D6AD89 /* Frameworks */ = {
			isa = PBXGroup;
			children = (
				FB87839500D98A47BCE7869F /* Pods.framework */,
			);
			name = Frameworks;
			sourceTree = "<group>";
		};
		F8D09C3A1C812FB10045981C = {
			isa = PBXGroup;
			children = (
				F8D09C451C812FB20045981C /* grabcatalog */,
				F8D09C441C812FB20045981C /* Products */,
				94213667E6F47AC3B692FB86 /* Pods */,
				DDEF1FECCB412650B3D6AD89 /* Frameworks */,
			);
			sourceTree = "<group>";
		};
		F8D09C441C812FB20045981C /* Products */ = {
			isa = PBXGroup;
			children = (
				F8D09C431C812FB20045981C /* grabcatalog.app */,
			);
			name = Products;
			sourceTree = "<group>";
		};
		F8D09C451C812FB20045981C /* grabcatalog */ = {
			isa = PBXGroup;
			children = (
				F8D09C461C812FB20045981C /* AppDelegate.swift */,
				F8D09C481C812FB20045981C /* ViewController.swift */,
				F8D09C4A1C812FB20045981C /* Main.storyboard */,
				F8D09C4D1C812FB20045981C /* Assets.xcassets */,
				F8D09C4F1C812FB20045981C /* LaunchScreen.storyboard */,
				F8D09C521C812FB20045981C /* Info.plist */,
				F88D5F5B1C814CCB00140930 /* SBiPad.Storyboard */,
			);
			path = grabcatalog;
			sourceTree = "<group>";
		};
/* End PBXGroup section */

/* Begin PBXNativeTarget section */
		F8D09C421C812FB20045981C /* grabcatalog */ = {
			isa = PBXNativeTarget;
			buildConfigurationList = F8D09C551C812FB20045981C /* Build configuration list for PBXNativeTarget "grabcatalog" */;
			buildPhases = (
				07CD9B42EA018A5AE24178A1 /* Check Pods Manifest.lock */,
				F8D09C3F1C812FB20045981C /* Sources */,
				F8D09C401C812FB20045981C /* Frameworks */,
				F8D09C411C812FB20045981C /* Resources */,
				6151FEF83896AF1A9691B0E3 /* Embed Pods Frameworks */,
				0DD6037320886EB1F83F295C /* Copy Pods Resources */,
			);
			buildRules = (
			);
			dependencies = (
			);
			name = grabcatalog;
			productName = grabcatalog;
			productReference = F8D09C431C812FB20045981C /* grabcatalog.app */;
			productType = "com.apple.product-type.application";
		};
/* End PBXNativeTarget section */

/* Begin PBXProject section */
		F8D09C3B1C812FB10045981C /* Project object */ = {
			isa = PBXProject;
			attributes = {
				LastSwiftUpdateCheck = 0720;
				LastUpgradeCheck = 0720;
				ORGANIZATIONNAME = "Hacemos Contactos";
				TargetAttributes = {
					F8D09C421C812FB20045981C = {
						CreatedOnToolsVersion = 7.2.1;
					};
				};
			};
			buildConfigurationList = F8D09C3E1C812FB10045981C /* Build configuration list for PBXProject "grabcatalog" */;
			compatibilityVersion = "Xcode 3.2";
			developmentRegion = English;
			hasScannedForEncodings = 0;
			knownRegions = (
				en,
				Base,
			);
			mainGroup = F8D09C3A1C812FB10045981C;
			productRefGroup = F8D09C441C812FB20045981C /* Products */;
			projectDirPath = "";
			projectRoot = "";
			targets = (
				F8D09C421C812FB20045981C /* grabcatalog */,
			);
		};
/* End PBXProject section */

/* Begin PBXResourcesBuildPhase section */
		F8D09C411C812FB20045981C /* Resources */ = {
			isa = PBXResourcesBuildPhase;
			buildActionMask = 2147483647;
			files = (
				F8D09C511C812FB20045981C /* LaunchScreen.storyboard in Resources */,
				F8D09C4E1C812FB20045981C /* Assets.xcassets in Resources */,
				F8D09C4C1C812FB20045981C /* Main.storyboard in Resources */,
				F88D5F5D1C814CCB00140930 /* SBiPad.Storyboard in Resources */,
			);
			runOnlyForDeploymentPostprocessing = 0;
		};
/* End PBXResourcesBuildPhase section */

/* Begin PBXShellScriptBuildPhase section */
		07CD9B42EA018A5AE24178A1 /* Check Pods Manifest.lock */ = {
			isa = PBXShellScriptBuildPhase;
			buildActionMask = 2147483647;
			files = (
			);
			inputPaths = (
			);
			name = "Check Pods Manifest.lock";
			outputPaths = (
			);
			runOnlyForDeploymentPostprocessing = 0;
			shellPath = /bin/sh;
			shellScript = "diff \"${PODS_ROOT}/../Podfile.lock\" \"${PODS_ROOT}/Manifest.lock\" > /dev/null\nif [[ $? != 0 ]] ; then\n    cat << EOM\nerror: The sandbox is not in sync with the Podfile.lock. Run 'pod install' or update your CocoaPods installation.\nEOM\n    exit 1\nfi\n";
			showEnvVarsInLog = 0;
		};
		0DD6037320886EB1F83F295C /* Copy Pods Resources */ = {
			isa = PBXShellScriptBuildPhase;
			buildActionMask = 2147483647;
			files = (
			);
			inputPaths = (
			);
			name = "Copy Pods Resources";
			outputPaths = (
			);
			runOnlyForDeploymentPostprocessing = 0;
			shellPath = /bin/sh;
			shellScript = "\"${SRCROOT}/Pods/Target Support Files/Pods/Pods-resources.sh\"\n";
			showEnvVarsInLog = 0;
		};
		6151FEF83896AF1A9691B0E3 /* Embed Pods Frameworks */ = {
			isa = PBXShellScriptBuildPhase;
			buildActionMask = 2147483647;
			files = (
			);
			inputPaths = (
			);
			name = "Embed Pods Frameworks";
			outputPaths = (
			);
			runOnlyForDeploymentPostprocessing = 0;
			shellPath = /bin/sh;
			shellScript = "\"${SRCROOT}/Pods/Target Support Files/Pods/Pods-frameworks.sh\"\n";
			showEnvVarsInLog = 0;
		};
/* End PBXShellScriptBuildPhase section */

/* Begin PBXSourcesBuildPhase section */
		F8D09C3F1C812FB20045981C /* Sources */ = {
			isa = PBXSourcesBuildPhase;
			buildActionMask = 2147483647;
			files = (
				F8D09C491C812FB20045981C /* ViewController.swift in Sources */,
				F8D09C471C812FB20045981C /* AppDelegate.swift in Sources */,
			);
			runOnlyForDeploymentPostprocessing = 0;
		};
/* End PBXSourcesBuildPhase section */

/* Begin PBXVariantGroup section */
		F88D5F5B1C814CCB00140930 /* SBiPad.Storyboard */ = {
			isa = PBXVariantGroup;
			children = (
				F88D5F5C1C814CCB00140930 /* Base */,
			);
			name = SBiPad.Storyboard;
			sourceTree = "<group>";
		};
		F8D09C4A1C812FB20045981C /* Main.storyboard */ = {
			isa = PBXVariantGroup;
			children = (
				F8D09C4B1C812FB20045981C /* Base */,
			);
			name = Main.storyboard;
			sourceTree = "<group>";
		};
		F8D09C4F1C812FB20045981C /* LaunchScreen.storyboard */ = {
			isa = PBXVariantGroup;
			children = (
				F8D09C501C812FB20045981C /* Base */,
			);
			name = LaunchScreen.storyboard;
			sourceTree = "<group>";
		};
/* End PBXVariantGroup section */

/* Begin XCBuildConfiguration section */
		F8D09C531C812FB20045981C /* Debug */ = {
			isa = XCBuildConfiguration;
			buildSettings = {
				ALWAYS_SEARCH_USER_PATHS = NO;
				CLANG_CXX_LANGUAGE_STANDARD = "gnu++0x";
				CLANG_CXX_LIBRARY = "libc++";
				CLANG_ENABLE_MODULES = YES;
				CLANG_ENABLE_OBJC_ARC = YES;
				CLANG_WARN_BOOL_CONVERSION = YES;
				CLANG_WARN_CONSTANT_CONVERSION = YES;
				CLANG_WARN_DIRECT_OBJC_ISA_USAGE = YES_ERROR;
				CLANG_WARN_EMPTY_BODY = YES;
				CLANG_WARN_ENUM_CONVERSION = YES;
				CLANG_WARN_INT_CONVERSION = YES;
				CLANG_WARN_OBJC_ROOT_CLASS = YES_ERROR;
				CLANG_WARN_UNREACHABLE_CODE = YES;
				CLANG_WARN__DUPLICATE_METHOD_MATCH = YES;
				"CODE_SIGN_IDENTITY[sdk=iphoneos*]" = "iPhone Developer";
				COPY_PHASE_STRIP = NO;
				DEBUG_INFORMATION_FORMAT = dwarf;
				ENABLE_STRICT_OBJC_MSGSEND = YES;
				ENABLE_TESTABILITY = YES;
				GCC_C_LANGUAGE_STANDARD = gnu99;
				GCC_DYNAMIC_NO_PIC = NO;
				GCC_NO_COMMON_BLOCKS = YES;
				GCC_OPTIMIZATION_LEVEL = 0;
				GCC_PREPROCESSOR_DEFINITIONS = (
					"DEBUG=1",
					"$(inherited)",
				);
				GCC_WARN_64_TO_32_BIT_CONVERSION = YES;
				GCC_WARN_ABOUT_RETURN_TYPE = YES_ERROR;
				GCC_WARN_UNDECLARED_SELECTOR = YES;
				GCC_WARN_UNINITIALIZED_AUTOS = YES_AGGRESSIVE;
				GCC_WARN_UNUSED_FUNCTION = YES;
				GCC_WARN_UNUSED_VARIABLE = YES;
				IPHONEOS_DEPLOYMENT_TARGET = 9.2;
				MTL_ENABLE_DEBUG_INFO = YES;
				ONLY_ACTIVE_ARCH = YES;
				SDKROOT = iphoneos;
				SWIFT_OPTIMIZATION_LEVEL = "-Onone";
				TARGETED_DEVICE_FAMILY = "1,2";
			};
			name = Debug;
		};
		F8D09C541C812FB20045981C /* Release */ = {
			isa = XCBuildConfiguration;
			buildSettings = {
				ALWAYS_SEARCH_USER_PATHS = NO;
				CLANG_CXX_LANGUAGE_STANDARD = "gnu++0x";
				CLANG_CXX_LIBRARY = "libc++";
				CLANG_ENABLE_MODULES = YES;
				CLANG_ENABLE_OBJC_ARC = YES;
				CLANG_WARN_BOOL_CONVERSION = YES;
				CLANG_WARN_CONSTANT_CONVERSION = YES;
				CLANG_WARN_DIRECT_OBJC_ISA_USAGE = YES_ERROR;
				CLANG_WARN_EMPTY_BODY = YES;
				CLANG_WARN_ENUM_CONVERSION = YES;
				CLANG_WARN_INT_CONVERSION = YES;
				CLANG_WARN_OBJC_ROOT_CLASS = YES_ERROR;
				CLANG_WARN_UNREACHABLE_CODE = YES;
				CLANG_WARN__DUPLICATE_METHOD_MATCH = YES;
				"CODE_SIGN_IDENTITY[sdk=iphoneos*]" = "iPhone Developer";
				COPY_PHASE_STRIP = NO;
				DEBUG_INFORMATION_FORMAT = "dwarf-with-dsym";
				ENABLE_NS_ASSERTIONS = NO;
				ENABLE_STRICT_OBJC_MSGSEND = YES;
				GCC_C_LANGUAGE_STANDARD = gnu99;
				GCC_NO_COMMON_BLOCKS = YES;
				GCC_WARN_64_TO_32_BIT_CONVERSION = YES;
				GCC_WARN_ABOUT_RETURN_TYPE = YES_ERROR;
				GCC_WARN_UNDECLARED_SELECTOR = YES;
				GCC_WARN_UNINITIALIZED_AUTOS = YES_AGGRESSIVE;
				GCC_WARN_UNUSED_FUNCTION = YES;
				GCC_WARN_UNUSED_VARIABLE = YES;
				IPHONEOS_DEPLOYMENT_TARGET = 9.2;
				MTL_ENABLE_DEBUG_INFO = NO;
				SDKROOT = iphoneos;
				TARGETED_DEVICE_FAMILY = "1,2";
				VALIDATE_PRODUCT = YES;
			};
			name = Release;
		};
		F8D09C561C812FB20045981C /* Debug */ = {
			isa = XCBuildConfiguration;
			baseConfigurationReference = 3D4D5553246D73357A2ECBA4 /* Pods.debug.xcconfig */;
			buildSettings = {
				ASSETCATALOG_COMPILER_APPICON_NAME = AppIcon;
				INFOPLIST_FILE = grabcatalog/Info.plist;
				LD_RUNPATH_SEARCH_PATHS = "$(inherited) @executable_path/Frameworks";
				PRODUCT_BUNDLE_IDENTIFIER = com.hacemoscontactos.grabcatalog;
				PRODUCT_NAME = "$(TARGET_NAME)";
			};
			name = Debug;
		};
		F8D09C571C812FB20045981C /* Release */ = {
			isa = XCBuildConfiguration;
			baseConfigurationReference = 9E331992C8F461A507B69040 /* Pods.release.xcconfig */;
			buildSettings = {
				ASSETCATALOG_COMPILER_APPICON_NAME = AppIcon;
				INFOPLIST_FILE = grabcatalog/Info.plist;
				LD_RUNPATH_SEARCH_PATHS = "$(inherited) @executable_path/Frameworks";
				PRODUCT_BUNDLE_IDENTIFIER = com.hacemoscontactos.grabcatalog;
				PRODUCT_NAME = "$(TARGET_NAME)";
			};
			name = Release;
		};
/* End XCBuildConfiguration section */

/* Begin XCConfigurationList section */
		F8D09C3E1C812FB10045981C /* Build configuration list for PBXProject "grabcatalog" */ = {
			isa = XCConfigurationList;
			buildConfigurations = (
				F8D09C531C812FB20045981C /* Debug */,
				F8D09C541C812FB20045981C /* Release */,
			);
			defaultConfigurationIsVisible = 0;
			defaultConfigurationName = Release;
		};
		F8D09C551C812FB20045981C /* Build configuration list for PBXNativeTarget "grabcatalog" */ = {
			isa = XCConfigurationList;
			buildConfigurations = (
				F8D09C561C812FB20045981C /* Debug */,
				F8D09C571C812FB20045981C /* Release */,
			);
			defaultConfigurationIsVisible = 0;
			defaultConfigurationName = Release;
		};
/* End XCConfigurationList section */
	};
	rootObject = F8D09C3B1C812FB10045981C /* Project object */;
}
